Microsoft Visual Studio Solution File, Format Version 12.00
# Visual Studio Version 17
VisualStudioVersion = 17.5.2.0
MinimumVisualStudioVersion = 10.0.40219.1
Project("{FAE04EC0-301F-11D3-BF4B-00C04F79EFBC}") = "PatternEDatabase", "PatternEDatabase.csproj", "{A24152EF-BD10-F70D-2DBD-847362EFB65A}"
EndProject
Global
	GlobalSection(SolutionConfigurationPlatforms) = preSolution
		Debug|Any CPU = Debug|Any CPU
		Release|Any CPU = Release|Any CPU
	EndGlobalSection
	GlobalSection(ProjectConfigurationPlatforms) = postSolution
		{A24152EF-BD10-F70D-2DBD-847362EFB65A}.Debug|Any CPU.ActiveCfg = Debug|Any CPU
		{A24152EF-BD10-F70D-2DBD-847362EFB65A}.Debug|Any CPU.Build.0 = Debug|Any CPU
		{A24152EF-BD10-F70D-2DBD-847362EFB65A}.Release|Any CPU.ActiveCfg = Release|Any CPU
		{A24152EF-BD10-F70D-2DBD-847362EFB65A}.Release|Any CPU.Build.0 = Release|Any CPU
	EndGlobalSection
	GlobalSection(SolutionProperties) = preSolution
		HideSolutionNode = FALSE
	EndGlobalSection
	GlobalSection(ExtensibilityGlobals) = postSolution
		SolutionGuid = {5E52ED44-668C-4211-AE03-43A6D151EB87}
	EndGlobalSection
EndGlobal
