Microsoft Visual Studio Solution File, Format Version 12.00
# Visual Studio Version 17
VisualStudioVersion = 17.5.2.0
MinimumVisualStudioVersion = 10.0.40219.1
Project("{FAE04EC0-301F-11D3-BF4B-00C04F79EFBC}") = "Fondamenti", "Fondamenti.csproj", "{562D7E8E-B5DB-A52D-FCDD-CFEE0026CC61}"
EndProject
Global
	GlobalSection(SolutionConfigurationPlatforms) = preSolution
		Debug|Any CPU = Debug|Any CPU
		Release|Any CPU = Release|Any CPU
	EndGlobalSection
	GlobalSection(ProjectConfigurationPlatforms) = postSolution
		{562D7E8E-B5DB-A52D-FCDD-CFEE0026CC61}.Debug|Any CPU.ActiveCfg = Debug|Any CPU
		{562D7E8E-B5DB-A52D-FCDD-CFEE0026CC61}.Debug|Any CPU.Build.0 = Debug|Any CPU
		{562D7E8E-B5DB-A52D-FCDD-CFEE0026CC61}.Release|Any CPU.ActiveCfg = Release|Any CPU
		{562D7E8E-B5DB-A52D-FCDD-CFEE0026CC61}.Release|Any CPU.Build.0 = Release|Any CPU
	EndGlobalSection
	GlobalSection(SolutionProperties) = preSolution
		HideSolutionNode = FALSE
	EndGlobalSection
	GlobalSection(ExtensibilityGlobals) = postSolution
		SolutionGuid = {39E292BE-1B93-4A21-890E-7C5D02E13AF7}
	EndGlobalSection
EndGlobal
